
Microsoft Visual Studio Solution File, Format Version 12.00
# Visual Studio 15
VisualStudioVersion = 15.0.28307.106
MinimumVisualStudioVersion = 10.0.40219.1
Project("{FAE04EC0-301F-11D3-BF4B-00C04F79EFBC}") = "EAEmployeeTest", "EAEmployeeTest\EAEmployeeTest.csproj", "{8F1EC512-935F-43F7-8992-755D75ECD998}"
EndProject
Project("{FAE04EC0-301F-11D3-BF4B-00C04F79EFBC}") = "EAAutoFramework", "EAAutomationFramework\EAAutoFramework.csproj", "{755ADDDA-01E3-4046-A947-1FCBB6288908}"
EndProject
Global
	GlobalSection(SolutionConfigurationPlatforms) = preSolution
		Debug|Any CPU = Debug|Any CPU
		Release|Any CPU = Release|Any CPU
	EndGlobalSection
	GlobalSection(ProjectConfigurationPlatforms) = postSolution
		{8F1EC512-935F-43F7-8992-755D75ECD998}.Debug|Any CPU.ActiveCfg = Debug|Any CPU
		{8F1EC512-935F-43F7-8992-755D75ECD998}.Debug|Any CPU.Build.0 = Debug|Any CPU
		{8F1EC512-935F-43F7-8992-755D75ECD998}.Release|Any CPU.ActiveCfg = Release|Any CPU
		{8F1EC512-935F-43F7-8992-755D75ECD998}.Release|Any CPU.Build.0 = Release|Any CPU
		{755ADDDA-01E3-4046-A947-1FCBB6288908}.Debug|Any CPU.ActiveCfg = Debug|Any CPU
		{755ADDDA-01E3-4046-A947-1FCBB6288908}.Debug|Any CPU.Build.0 = Debug|Any CPU
		{755ADDDA-01E3-4046-A947-1FCBB6288908}.Release|Any CPU.ActiveCfg = Release|Any CPU
		{755ADDDA-01E3-4046-A947-1FCBB6288908}.Release|Any CPU.Build.0 = Release|Any CPU
	EndGlobalSection
	GlobalSection(SolutionProperties) = preSolution
		HideSolutionNode = FALSE
	EndGlobalSection
	GlobalSection(ExtensibilityGlobals) = postSolution
		SolutionGuid = {918F4665-D98B-4633-AE42-CBF28E561927}
	EndGlobalSection
EndGlobal
